// !$*UTF8*$!
{
	archiveVersion = 1;
	classes = {
	};
	objectVersion = 56;
	objects = {

/* Begin PBXBuildFile section */
		55DAE9CF2A12112900D366F9 /* AppDelegate.swift in Sources */ = {isa = PBXBuildFile; fileRef = 55DAE9CE2A12112900D366F9 /* AppDelegate.swift */; };
		55DAE9D12A12112900D366F9 /* SceneDelegate.swift in Sources */ = {isa = PBXBuildFile; fileRef = 55DAE9D02A12112900D366F9 /* SceneDelegate.swift */; };
		55DAE9D32A12112900D366F9 /* FlightListViewController.swift in Sources */ = {isa = PBXBuildFile; fileRef = 55DAE9D22A12112900D366F9 /* FlightListViewController.swift */; };
		55DAE9D82A12113000D366F9 /* Assets.xcassets in Resources */ = {isa = PBXBuildFile; fileRef = 55DAE9D72A12113000D366F9 /* Assets.xcassets */; };
		55DAE9DB2A12113000D366F9 /* LaunchScreen.storyboard in Resources */ = {isa = PBXBuildFile; fileRef = 55DAE9D92A12113000D366F9 /* LaunchScreen.storyboard */; };
		55DAE9E32A1212E000D366F9 /* FlightCell.swift in Sources */ = {isa = PBXBuildFile; fileRef = 55DAE9E22A1212E000D366F9 /* FlightCell.swift */; };
		55DAE9E52A12141C00D366F9 /* FlightDetailViewController.swift in Sources */ = {isa = PBXBuildFile; fileRef = 55DAE9E42A12141C00D366F9 /* FlightDetailViewController.swift */; };
		55DAE9E72A12168300D366F9 /* NetworkService.swift in Sources */ = {isa = PBXBuildFile; fileRef = 55DAE9E62A12168300D366F9 /* NetworkService.swift */; };
		55DAE9EA2A12195900D366F9 /* FlightModel.swift in Sources */ = {isa = PBXBuildFile; fileRef = 55DAE9E92A12195900D366F9 /* FlightModel.swift */; };
		55DAE9ED2A121A1900D366F9 /* ExtUsDef.swift in Sources */ = {isa = PBXBuildFile; fileRef = 55DAE9EC2A121A1900D366F9 /* ExtUsDef.swift */; };
/* End PBXBuildFile section */

/* Begin PBXFileReference section */
		55DAE9CB2A12112900D366F9 /* Time for a trip.app */ = {isa = PBXFileReference; explicitFileType = wrapper.application; includeInIndex = 0; path = "Time for a trip.app"; sourceTree = BUILT_PRODUCTS_DIR; };
		55DAE9CE2A12112900D366F9 /* AppDelegate.swift */ = {isa = PBXFileReference; lastKnownFileType = sourcecode.swift; path = AppDelegate.swift; sourceTree = "<group>"; };
		55DAE9D02A12112900D366F9 /* SceneDelegate.swift */ = {isa = PBXFileReference; lastKnownFileType = sourcecode.swift; path = SceneDelegate.swift; sourceTree = "<group>"; };
		55DAE9D22A12112900D366F9 /* FlightListViewController.swift */ = {isa = PBXFileReference; lastKnownFileType = sourcecode.swift; path = FlightListViewController.swift; sourceTree = "<group>"; };
		55DAE9D72A12113000D366F9 /* Assets.xcassets */ = {isa = PBXFileReference; lastKnownFileType = folder.assetcatalog; path = Assets.xcassets; sourceTree = "<group>"; };
		55DAE9DA2A12113000D366F9 /* Base */ = {isa = PBXFileReference; lastKnownFileType = file.storyboard; name = Base; path = Base.lproj/LaunchScreen.storyboard; sourceTree = "<group>"; };
		55DAE9DC2A12113000D366F9 /* Info.plist */ = {isa = PBXFileReference; lastKnownFileType = text.plist.xml; path = Info.plist; sourceTree = "<group>"; };
		55DAE9E22A1212E000D366F9 /* FlightCell.swift */ = {isa = PBXFileReference; lastKnownFileType = sourcecode.swift; path = FlightCell.swift; sourceTree = "<group>"; };
		55DAE9E42A12141C00D366F9 /* FlightDetailViewController.swift */ = {isa = PBXFileReference; lastKnownFileType = sourcecode.swift; path = FlightDetailViewController.swift; sourceTree = "<group>"; };
		55DAE9E62A12168300D366F9 /* NetworkService.swift */ = {isa = PBXFileReference; lastKnownFileType = sourcecode.swift; path = NetworkService.swift; sourceTree = "<group>"; };
		55DAE9E92A12195900D366F9 /* FlightModel.swift */ = {isa = PBXFileReference; lastKnownFileType = sourcecode.swift; path = FlightModel.swift; sourceTree = "<group>"; };
		55DAE9EC2A121A1900D366F9 /* ExtUsDef.swift */ = {isa = PBXFileReference; lastKnownFileType = sourcecode.swift; path = ExtUsDef.swift; sourceTree = "<group>"; };
/* End PBXFileReference section */

/* Begin PBXFrameworksBuildPhase section */
		55DAE9C82A12112900D366F9 /* Frameworks */ = {
			isa = PBXFrameworksBuildPhase;
			buildActionMask = 2147483647;
			files = (
			);
			runOnlyForDeploymentPostprocessing = 0;
		};
/* End PBXFrameworksBuildPhase section */

/* Begin PBXGroup section */
		55DAE9C22A12112900D366F9 = {
			isa = PBXGroup;
			children = (
				55DAE9CD2A12112900D366F9 /* Time for a trip */,
				55DAE9CC2A12112900D366F9 /* Products */,
			);
			sourceTree = "<group>";
		};
		55DAE9CC2A12112900D366F9 /* Products */ = {
			isa = PBXGroup;
			children = (
				55DAE9CB2A12112900D366F9 /* Time for a trip.app */,
			);
			name = Products;
			sourceTree = "<group>";
		};
		55DAE9CD2A12112900D366F9 /* Time for a trip */ = {
			isa = PBXGroup;
			children = (
				55DAE9CE2A12112900D366F9 /* AppDelegate.swift */,
				55DAE9D02A12112900D366F9 /* SceneDelegate.swift */,
				55DAE9D22A12112900D366F9 /* FlightListViewController.swift */,
				55DAE9E22A1212E000D366F9 /* FlightCell.swift */,
				55DAE9E42A12141C00D366F9 /* FlightDetailViewController.swift */,
				55DAE9D72A12113000D366F9 /* Assets.xcassets */,
				55DAE9D92A12113000D366F9 /* LaunchScreen.storyboard */,
				55DAE9DC2A12113000D366F9 /* Info.plist */,
				55DAE9EB2A1219EE00D366F9 /* UserDefaults */,
				55DAE9E82A1218FC00D366F9 /* Network */,
			);
			path = "Time for a trip";
			sourceTree = "<group>";
		};
		55DAE9E82A1218FC00D366F9 /* Network */ = {
			isa = PBXGroup;
			children = (
				55DAE9E62A12168300D366F9 /* NetworkService.swift */,
				55DAE9E92A12195900D366F9 /* FlightModel.swift */,
			);
			path = Network;
			sourceTree = "<group>";
		};
		55DAE9EB2A1219EE00D366F9 /* UserDefaults */ = {
			isa = PBXGroup;
			children = (
				55DAE9EC2A121A1900D366F9 /* ExtUsDef.swift */,
			);
			path = UserDefaults;
			sourceTree = "<group>";
		};
/* End PBXGroup section */

/* Begin PBXNativeTarget section */
		55DAE9CA2A12112900D366F9 /* Time for a trip */ = {
			isa = PBXNativeTarget;
			buildConfigurationList = 55DAE9DF2A12113000D366F9 /* Build configuration list for PBXNativeTarget "Time for a trip" */;
			buildPhases = (
				55DAE9C72A12112900D366F9 /* Sources */,
				55DAE9C82A12112900D366F9 /* Frameworks */,
				55DAE9C92A12112900D366F9 /* Resources */,
			);
			buildRules = (
			);
			dependencies = (
			);
			name = "Time for a trip";
			productName = "Time for a trip";
			productReference = 55DAE9CB2A12112900D366F9 /* Time for a trip.app */;
			productType = "com.apple.product-type.application";
		};
/* End PBXNativeTarget section */

/* Begin PBXProject section */
		55DAE9C32A12112900D366F9 /* Project object */ = {
			isa = PBXProject;
			attributes = {
				BuildIndependentTargetsInParallel = 1;
				LastSwiftUpdateCheck = 1420;
				LastUpgradeCheck = 1420;
				TargetAttributes = {
					55DAE9CA2A12112900D366F9 = {
						CreatedOnToolsVersion = 14.2;
					};
				};
			};
			buildConfigurationList = 55DAE9C62A12112900D366F9 /* Build configuration list for PBXProject "Time for a trip" */;
			compatibilityVersion = "Xcode 14.0";
			developmentRegion = en;
			hasScannedForEncodings = 0;
			knownRegions = (
				en,
				Base,
			);
			mainGroup = 55DAE9C22A12112900D366F9;
			productRefGroup = 55DAE9CC2A12112900D366F9 /* Products */;
			projectDirPath = "";
			projectRoot = "";
			targets = (
				55DAE9CA2A12112900D366F9 /* Time for a trip */,
			);
		};
/* End PBXProject section */

/* Begin PBXResourcesBuildPhase section */
		55DAE9C92A12112900D366F9 /* Resources */ = {
			isa = PBXResourcesBuildPhase;
			buildActionMask = 2147483647;
			files = (
				55DAE9DB2A12113000D366F9 /* LaunchScreen.storyboard in Resources */,
				55DAE9D82A12113000D366F9 /* Assets.xcassets in Resources */,
			);
			runOnlyForDeploymentPostprocessing = 0;
		};
/* End PBXResourcesBuildPhase section */

/* Begin PBXSourcesBuildPhase section */
		55DAE9C72A12112900D366F9 /* Sources */ = {
			isa = PBXSourcesBuildPhase;
			buildActionMask = 2147483647;
			files = (
				55DAE9E52A12141C00D366F9 /* FlightDetailViewController.swift in Sources */,
				55DAE9ED2A121A1900D366F9 /* ExtUsDef.swift in Sources */,
				55DAE9D32A12112900D366F9 /* FlightListViewController.swift in Sources */,
				55DAE9E32A1212E000D366F9 /* FlightCell.swift in Sources */,
				55DAE9CF2A12112900D366F9 /* AppDelegate.swift in Sources */,
				55DAE9E72A12168300D366F9 /* NetworkService.swift in Sources */,
				55DAE9D12A12112900D366F9 /* SceneDelegate.swift in Sources */,
				55DAE9EA2A12195900D366F9 /* FlightModel.swift in Sources */,
			);
			runOnlyForDeploymentPostprocessing = 0;
		};
/* End PBXSourcesBuildPhase section */

/* Begin PBXVariantGroup section */
		55DAE9D92A12113000D366F9 /* LaunchScreen.storyboard */ = {
			isa = PBXVariantGroup;
			children = (
				55DAE9DA2A12113000D366F9 /* Base */,
			);
			name = LaunchScreen.storyboard;
			sourceTree = "<group>";
		};
/* End PBXVariantGroup section */

/* Begin XCBuildConfiguration section */
		55DAE9DD2A12113000D366F9 /* Debug */ = {
			isa = XCBuildConfiguration;
			buildSettings = {
				ALWAYS_SEARCH_USER_PATHS = NO;
				CLANG_ANALYZER_NONNULL = YES;
				CLANG_ANALYZER_NUMBER_OBJECT_CONVERSION = YES_AGGRESSIVE;
				CLANG_CXX_LANGUAGE_STANDARD = "gnu++20";
				CLANG_ENABLE_MODULES = YES;
				CLANG_ENABLE_OBJC_ARC = YES;
				CLANG_ENABLE_OBJC_WEAK = YES;
				CLANG_WARN_BLOCK_CAPTURE_AUTORELEASING = YES;
				CLANG_WARN_BOOL_CONVERSION = YES;
				CLANG_WARN_COMMA = YES;
				CLANG_WARN_CONSTANT_CONVERSION = YES;
				CLANG_WARN_DEPRECATED_OBJC_IMPLEMENTATIONS = YES;
				CLANG_WARN_DIRECT_OBJC_ISA_USAGE = YES_ERROR;
				CLANG_WARN_DOCUMENTATION_COMMENTS = YES;
				CLANG_WARN_EMPTY_BODY = YES;
				CLANG_WARN_ENUM_CONVERSION = YES;
				CLANG_WARN_INFINITE_RECURSION = YES;
				CLANG_WARN_INT_CONVERSION = YES;
				CLANG_WARN_NON_LITERAL_NULL_CONVERSION = YES;
				CLANG_WARN_OBJC_IMPLICIT_RETAIN_SELF = YES;
				CLANG_WARN_OBJC_LITERAL_CONVERSION = YES;
				CLANG_WARN_OBJC_ROOT_CLASS = YES_ERROR;
				CLANG_WARN_QUOTED_INCLUDE_IN_FRAMEWORK_HEADER = YES;
				CLANG_WARN_RANGE_LOOP_ANALYSIS = YES;
				CLANG_WARN_STRICT_PROTOTYPES = YES;
				CLANG_WARN_SUSPICIOUS_MOVE = YES;
				CLANG_WARN_UNGUARDED_AVAILABILITY = YES_AGGRESSIVE;
				CLANG_WARN_UNREACHABLE_CODE = YES;
				CLANG_WARN__DUPLICATE_METHOD_MATCH = YES;
				COPY_PHASE_STRIP = NO;
				DEBUG_INFORMATION_FORMAT = dwarf;
				ENABLE_STRICT_OBJC_MSGSEND = YES;
				ENABLE_TESTABILITY = YES;
				GCC_C_LANGUAGE_STANDARD = gnu11;
				GCC_DYNAMIC_NO_PIC = NO;
				GCC_NO_COMMON_BLOCKS = YES;
				GCC_OPTIMIZATION_LEVEL = 0;
				GCC_PREPROCESSOR_DEFINITIONS = (
					"DEBUG=1",
					"$(inherited)",
				);
				GCC_WARN_64_TO_32_BIT_CONVERSION = YES;
				GCC_WARN_ABOUT_RETURN_TYPE = YES_ERROR;
				GCC_WARN_UNDECLARED_SELECTOR = YES;
				GCC_WARN_UNINITIALIZED_AUTOS = YES_AGGRESSIVE;
				GCC_WARN_UNUSED_FUNCTION = YES;
				GCC_WARN_UNUSED_VARIABLE = YES;
				IPHONEOS_DEPLOYMENT_TARGET = 16.2;
				MTL_ENABLE_DEBUG_INFO = INCLUDE_SOURCE;
				MTL_FAST_MATH = YES;
				ONLY_ACTIVE_ARCH = YES;
				SDKROOT = iphoneos;
				SWIFT_ACTIVE_COMPILATION_CONDITIONS = DEBUG;
				SWIFT_OPTIMIZATION_LEVEL = "-Onone";
			};
			name = Debug;
		};
		55DAE9DE2A12113000D366F9 /* Release */ = {
			isa = XCBuildConfiguration;
			buildSettings = {
				ALWAYS_SEARCH_USER_PATHS = NO;
				CLANG_ANALYZER_NONNULL = YES;
				CLANG_ANALYZER_NUMBER_OBJECT_CONVERSION = YES_AGGRESSIVE;
				CLANG_CXX_LANGUAGE_STANDARD = "gnu++20";
				CLANG_ENABLE_MODULES = YES;
				CLANG_ENABLE_OBJC_ARC = YES;
				CLANG_ENABLE_OBJC_WEAK = YES;
				CLANG_WARN_BLOCK_CAPTURE_AUTORELEASING = YES;
				CLANG_WARN_BOOL_CONVERSION = YES;
				CLANG_WARN_COMMA = YES;
				CLANG_WARN_CONSTANT_CONVERSION = YES;
				CLANG_WARN_DEPRECATED_OBJC_IMPLEMENTATIONS = YES;
				CLANG_WARN_DIRECT_OBJC_ISA_USAGE = YES_ERROR;
				CLANG_WARN_DOCUMENTATION_COMMENTS = YES;
				CLANG_WARN_EMPTY_BODY = YES;
				CLANG_WARN_ENUM_CONVERSION = YES;
				CLANG_WARN_INFINITE_RECURSION = YES;
				CLANG_WARN_INT_CONVERSION = YES;
				CLANG_WARN_NON_LITERAL_NULL_CONVERSION = YES;
				CLANG_WARN_OBJC_IMPLICIT_RETAIN_SELF = YES;
				CLANG_WARN_OBJC_LITERAL_CONVERSION = YES;
				CLANG_WARN_OBJC_ROOT_CLASS = YES_ERROR;
				CLANG_WARN_QUOTED_INCLUDE_IN_FRAMEWORK_HEADER = YES;
				CLANG_WARN_RANGE_LOOP_ANALYSIS = YES;
				CLANG_WARN_STRICT_PROTOTYPES = YES;
				CLANG_WARN_SUSPICIOUS_MOVE = YES;
				CLANG_WARN_UNGUARDED_AVAILABILITY = YES_AGGRESSIVE;
				CLANG_WARN_UNREACHABLE_CODE = YES;
				CLANG_WARN__DUPLICATE_METHOD_MATCH = YES;
				COPY_PHASE_STRIP = NO;
				DEBUG_INFORMATION_FORMAT = "dwarf-with-dsym";
				ENABLE_NS_ASSERTIONS = NO;
				ENABLE_STRICT_OBJC_MSGSEND = YES;
				GCC_C_LANGUAGE_STANDARD = gnu11;
				GCC_NO_COMMON_BLOCKS = YES;
				GCC_WARN_64_TO_32_BIT_CONVERSION = YES;
				GCC_WARN_ABOUT_RETURN_TYPE = YES_ERROR;
				GCC_WARN_UNDECLARED_SELECTOR = YES;
				GCC_WARN_UNINITIALIZED_AUTOS = YES_AGGRESSIVE;
				GCC_WARN_UNUSED_FUNCTION = YES;
				GCC_WARN_UNUSED_VARIABLE = YES;
				IPHONEOS_DEPLOYMENT_TARGET = 16.2;
				MTL_ENABLE_DEBUG_INFO = NO;
				MTL_FAST_MATH = YES;
				SDKROOT = iphoneos;
				SWIFT_COMPILATION_MODE = wholemodule;
				SWIFT_OPTIMIZATION_LEVEL = "-O";
				VALIDATE_PRODUCT = YES;
			};
			name = Release;
		};
		55DAE9E02A12113000D366F9 /* Debug */ = {
			isa = XCBuildConfiguration;
			buildSettings = {
				ASSETCATALOG_COMPILER_APPICON_NAME = AppIcon;
				ASSETCATALOG_COMPILER_GLOBAL_ACCENT_COLOR_NAME = AccentColor;
				CODE_SIGN_STYLE = Automatic;
				CURRENT_PROJECT_VERSION = 1;
				GENERATE_INFOPLIST_FILE = YES;
				INFOPLIST_FILE = "Time for a trip/Info.plist";
				INFOPLIST_KEY_UIApplicationSupportsIndirectInputEvents = YES;
				INFOPLIST_KEY_UILaunchStoryboardName = LaunchScreen;
				INFOPLIST_KEY_UISupportedInterfaceOrientations = UIInterfaceOrientationPortrait;
				INFOPLIST_KEY_UISupportedInterfaceOrientations_iPad = "UIInterfaceOrientationLandscapeLeft UIInterfaceOrientationLandscapeRight UIInterfaceOrientationPortrait UIInterfaceOrientationPortraitUpsideDown";
				IPHONEOS_DEPLOYMENT_TARGET = 13.0;
				LD_RUNPATH_SEARCH_PATHS = (
					"$(inherited)",
					"@executable_path/Frameworks",
				);
				MARKETING_VERSION = 1.0;
				PRODUCT_BUNDLE_IDENTIFIER = "ekzhitnikov.Time-for-a-trip";
				PRODUCT_NAME = "$(TARGET_NAME)";
				SUPPORTED_PLATFORMS = "iphoneos iphonesimulator";
				SUPPORTS_MACCATALYST = NO;
				SUPPORTS_MAC_DESIGNED_FOR_IPHONE_IPAD = NO;
				SWIFT_EMIT_LOC_STRINGS = YES;
				SWIFT_VERSION = 5.0;
				TARGETED_DEVICE_FAMILY = 1;
			};
			name = Debug;
		};
		55DAE9E12A12113000D366F9 /* Release */ = {
			isa = XCBuildConfiguration;
			buildSettings = {
				ASSETCATALOG_COMPILER_APPICON_NAME = AppIcon;
				ASSETCATALOG_COMPILER_GLOBAL_ACCENT_COLOR_NAME = AccentColor;
				CODE_SIGN_STYLE = Automatic;
				CURRENT_PROJECT_VERSION = 1;
				GENERATE_INFOPLIST_FILE = YES;
				INFOPLIST_FILE = "Time for a trip/Info.plist";
				INFOPLIST_KEY_UIApplicationSupportsIndirectInputEvents = YES;
				INFOPLIST_KEY_UILaunchStoryboardName = LaunchScreen;
				INFOPLIST_KEY_UISupportedInterfaceOrientations = UIInterfaceOrientationPortrait;
				INFOPLIST_KEY_UISupportedInterfaceOrientations_iPad = "UIInterfaceOrientationLandscapeLeft UIInterfaceOrientationLandscapeRight UIInterfaceOrientationPortrait UIInterfaceOrientationPortraitUpsideDown";
				IPHONEOS_DEPLOYMENT_TARGET = 13.0;
				LD_RUNPATH_SEARCH_PATHS = (
					"$(inherited)",
					"@executable_path/Frameworks",
				);
				MARKETING_VERSION = 1.0;
				PRODUCT_BUNDLE_IDENTIFIER = "ekzhitnikov.Time-for-a-trip";
				PRODUCT_NAME = "$(TARGET_NAME)";
				SUPPORTED_PLATFORMS = "iphoneos iphonesimulator";
				SUPPORTS_MACCATALYST = NO;
				SUPPORTS_MAC_DESIGNED_FOR_IPHONE_IPAD = NO;
				SWIFT_EMIT_LOC_STRINGS = YES;
				SWIFT_VERSION = 5.0;
				TARGETED_DEVICE_FAMILY = 1;
			};
			name = Release;
		};
/* End XCBuildConfiguration section */

/* Begin XCConfigurationList section */
		55DAE9C62A12112900D366F9 /* Build configuration list for PBXProject "Time for a trip" */ = {
			isa = XCConfigurationList;
			buildConfigurations = (
				55DAE9DD2A12113000D366F9 /* Debug */,
				55DAE9DE2A12113000D366F9 /* Release */,
			);
			defaultConfigurationIsVisible = 0;
			defaultConfigurationName = Release;
		};
		55DAE9DF2A12113000D366F9 /* Build configuration list for PBXNativeTarget "Time for a trip" */ = {
			isa = XCConfigurationList;
			buildConfigurations = (
				55DAE9E02A12113000D366F9 /* Debug */,
				55DAE9E12A12113000D366F9 /* Release */,
			);
			defaultConfigurationIsVisible = 0;
			defaultConfigurationName = Release;
		};
/* End XCConfigurationList section */
	};
	rootObject = 55DAE9C32A12112900D366F9 /* Project object */;
}
